// !$*UTF8*$!
{
	archiveVersion = 1;
	classes = {
	};
	objectVersion = 50;
	objects = {

/* Begin PBXBuildFile section */
		585C2E2826E1F845008A5C3A /* AppDelegate.swift in Sources */ = {isa = PBXBuildFile; fileRef = 585C2E2726E1F845008A5C3A /* AppDelegate.swift */; };
		585C2E2A26E1F845008A5C3A /* SceneDelegate.swift in Sources */ = {isa = PBXBuildFile; fileRef = 585C2E2926E1F845008A5C3A /* SceneDelegate.swift */; };
		585C2E2C26E1F845008A5C3A /* ViewController.swift in Sources */ = {isa = PBXBuildFile; fileRef = 585C2E2B26E1F845008A5C3A /* ViewController.swift */; };
		585C2E2F26E1F845008A5C3A /* Main.storyboard in Resources */ = {isa = PBXBuildFile; fileRef = 585C2E2D26E1F845008A5C3A /* Main.storyboard */; };
		585C2E3126E1F849008A5C3A /* Assets.xcassets in Resources */ = {isa = PBXBuildFile; fileRef = 585C2E3026E1F849008A5C3A /* Assets.xcassets */; };
		585C2E3426E1F849008A5C3A /* LaunchScreen.storyboard in Resources */ = {isa = PBXBuildFile; fileRef = 585C2E3226E1F849008A5C3A /* LaunchScreen.storyboard */; };
		585C2E3C26E20E16008A5C3A /* TableAnimationCell.swift in Sources */ = {isa = PBXBuildFile; fileRef = 585C2E3B26E20E15008A5C3A /* TableAnimationCell.swift */; };
		585C2E4026E2168B008A5C3A /* TableViewAnimator.swift in Sources */ = {isa = PBXBuildFile; fileRef = 585C2E3F26E2168B008A5C3A /* TableViewAnimator.swift */; };
/* End PBXBuildFile section */

/* Begin PBXFileReference section */
		585C2E2426E1F845008A5C3A /* TableCellAnimation.app */ = {isa = PBXFileReference; explicitFileType = wrapper.application; includeInIndex = 0; path = TableCellAnimation.app; sourceTree = BUILT_PRODUCTS_DIR; };
		585C2E2726E1F845008A5C3A /* AppDelegate.swift */ = {isa = PBXFileReference; lastKnownFileType = sourcecode.swift; path = AppDelegate.swift; sourceTree = "<group>"; };
		585C2E2926E1F845008A5C3A /* SceneDelegate.swift */ = {isa = PBXFileReference; lastKnownFileType = sourcecode.swift; path = SceneDelegate.swift; sourceTree = "<group>"; };
		585C2E2B26E1F845008A5C3A /* ViewController.swift */ = {isa = PBXFileReference; lastKnownFileType = sourcecode.swift; path = ViewController.swift; sourceTree = "<group>"; };
		585C2E2E26E1F845008A5C3A /* Base */ = {isa = PBXFileReference; lastKnownFileType = file.storyboard; name = Base; path = Base.lproj/Main.storyboard; sourceTree = "<group>"; };
		585C2E3026E1F849008A5C3A /* Assets.xcassets */ = {isa = PBXFileReference; lastKnownFileType = folder.assetcatalog; path = Assets.xcassets; sourceTree = "<group>"; };
		585C2E3326E1F849008A5C3A /* Base */ = {isa = PBXFileReference; lastKnownFileType = file.storyboard; name = Base; path = Base.lproj/LaunchScreen.storyboard; sourceTree = "<group>"; };
		585C2E3526E1F849008A5C3A /* Info.plist */ = {isa = PBXFileReference; lastKnownFileType = text.plist.xml; path = Info.plist; sourceTree = "<group>"; };
		585C2E3B26E20E15008A5C3A /* TableAnimationCell.swift */ = {isa = PBXFileReference; lastKnownFileType = sourcecode.swift; path = TableAnimationCell.swift; sourceTree = "<group>"; };
		585C2E3F26E2168B008A5C3A /* TableViewAnimator.swift */ = {isa = PBXFileReference; lastKnownFileType = sourcecode.swift; path = TableViewAnimator.swift; sourceTree = "<group>"; };
/* End PBXFileReference section */

/* Begin PBXFrameworksBuildPhase section */
		585C2E2126E1F845008A5C3A /* Frameworks */ = {
			isa = PBXFrameworksBuildPhase;
			buildActionMask = 2147483647;
			files = (
			);
			runOnlyForDeploymentPostprocessing = 0;
		};
/* End PBXFrameworksBuildPhase section */

/* Begin PBXGroup section */
		585C2E1B26E1F845008A5C3A = {
			isa = PBXGroup;
			children = (
				585C2E2626E1F845008A5C3A /* TableCellAnimation */,
				585C2E2526E1F845008A5C3A /* Products */,
			);
			sourceTree = "<group>";
		};
		585C2E2526E1F845008A5C3A /* Products */ = {
			isa = PBXGroup;
			children = (
				585C2E2426E1F845008A5C3A /* TableCellAnimation.app */,
			);
			name = Products;
			sourceTree = "<group>";
		};
		585C2E2626E1F845008A5C3A /* TableCellAnimation */ = {
			isa = PBXGroup;
			children = (
				585C2E3E26E211C1008A5C3A /* Animator */,
				585C2E3D26E211BA008A5C3A /* View */,
				585C2E2726E1F845008A5C3A /* AppDelegate.swift */,
				585C2E2926E1F845008A5C3A /* SceneDelegate.swift */,
				585C2E2B26E1F845008A5C3A /* ViewController.swift */,
				585C2E2D26E1F845008A5C3A /* Main.storyboard */,
				585C2E3026E1F849008A5C3A /* Assets.xcassets */,
				585C2E3226E1F849008A5C3A /* LaunchScreen.storyboard */,
				585C2E3526E1F849008A5C3A /* Info.plist */,
			);
			path = TableCellAnimation;
			sourceTree = "<group>";
		};
		585C2E3D26E211BA008A5C3A /* View */ = {
			isa = PBXGroup;
			children = (
				585C2E3B26E20E15008A5C3A /* TableAnimationCell.swift */,
			);
			path = View;
			sourceTree = "<group>";
		};
		585C2E3E26E211C1008A5C3A /* Animator */ = {
			isa = PBXGroup;
			children = (
				585C2E3F26E2168B008A5C3A /* TableViewAnimator.swift */,
			);
			path = Animator;
			sourceTree = "<group>";
		};
/* End PBXGroup section */

/* Begin PBXNativeTarget section */
		585C2E2326E1F845008A5C3A /* TableCellAnimation */ = {
			isa = PBXNativeTarget;
			buildConfigurationList = 585C2E3826E1F849008A5C3A /* Build configuration list for PBXNativeTarget "TableCellAnimation" */;
			buildPhases = (
				585C2E2026E1F845008A5C3A /* Sources */,
				585C2E2126E1F845008A5C3A /* Frameworks */,
				585C2E2226E1F845008A5C3A /* Resources */,
			);
			buildRules = (
			);
			dependencies = (
			);
			name = TableCellAnimation;
			productName = TableCellAnimation;
			productReference = 585C2E2426E1F845008A5C3A /* TableCellAnimation.app */;
			productType = "com.apple.product-type.application";
		};
/* End PBXNativeTarget section */

/* Begin PBXProject section */
		585C2E1C26E1F845008A5C3A /* Project object */ = {
			isa = PBXProject;
			attributes = {
				LastSwiftUpdateCheck = 1250;
				LastUpgradeCheck = 1250;
				TargetAttributes = {
					585C2E2326E1F845008A5C3A = {
						CreatedOnToolsVersion = 12.5.1;
					};
				};
			};
			buildConfigurationList = 585C2E1F26E1F845008A5C3A /* Build configuration list for PBXProject "TableCellAnimation" */;
			compatibilityVersion = "Xcode 9.3";
			developmentRegion = en;
			hasScannedForEncodings = 0;
			knownRegions = (
				en,
				Base,
			);
			mainGroup = 585C2E1B26E1F845008A5C3A;
			productRefGroup = 585C2E2526E1F845008A5C3A /* Products */;
			projectDirPath = "";
			projectRoot = "";
			targets = (
				585C2E2326E1F845008A5C3A /* TableCellAnimation */,
			);
		};
/* End PBXProject section */

/* Begin PBXResourcesBuildPhase section */
		585C2E2226E1F845008A5C3A /* Resources */ = {
			isa = PBXResourcesBuildPhase;
			buildActionMask = 2147483647;
			files = (
				585C2E3426E1F849008A5C3A /* LaunchScreen.storyboard in Resources */,
				585C2E3126E1F849008A5C3A /* Assets.xcassets in Resources */,
				585C2E2F26E1F845008A5C3A /* Main.storyboard in Resources */,
			);
			runOnlyForDeploymentPostprocessing = 0;
		};
/* End PBXResourcesBuildPhase section */

/* Begin PBXSourcesBuildPhase section */
		585C2E2026E1F845008A5C3A /* Sources */ = {
			isa = PBXSourcesBuildPhase;
			buildActionMask = 2147483647;
			files = (
				585C2E4026E2168B008A5C3A /* TableViewAnimator.swift in Sources */,
				585C2E2C26E1F845008A5C3A /* ViewController.swift in Sources */,
				585C2E2826E1F845008A5C3A /* AppDelegate.swift in Sources */,
				585C2E2A26E1F845008A5C3A /* SceneDelegate.swift in Sources */,
				585C2E3C26E20E16008A5C3A /* TableAnimationCell.swift in Sources */,
			);
			runOnlyForDeploymentPostprocessing = 0;
		};
/* End PBXSourcesBuildPhase section */

/* Begin PBXVariantGroup section */
		585C2E2D26E1F845008A5C3A /* Main.storyboard */ = {
			isa = PBXVariantGroup;
			children = (
				585C2E2E26E1F845008A5C3A /* Base */,
			);
			name = Main.storyboard;
			sourceTree = "<group>";
		};
		585C2E3226E1F849008A5C3A /* LaunchScreen.storyboard */ = {
			isa = PBXVariantGroup;
			children = (
				585C2E3326E1F849008A5C3A /* Base */,
			);
			name = LaunchScreen.storyboard;
			sourceTree = "<group>";
		};
/* End PBXVariantGroup section */

/* Begin XCBuildConfiguration section */
		585C2E3626E1F849008A5C3A /* Debug */ = {
			isa = XCBuildConfiguration;
			buildSettings = {
				ALWAYS_SEARCH_USER_PATHS = NO;
				CLANG_ANALYZER_NONNULL = YES;
				CLANG_ANALYZER_NUMBER_OBJECT_CONVERSION = YES_AGGRESSIVE;
				CLANG_CXX_LANGUAGE_STANDARD = "gnu++14";
				CLANG_CXX_LIBRARY = "libc++";
				CLANG_ENABLE_MODULES = YES;
				CLANG_ENABLE_OBJC_ARC = YES;
				CLANG_ENABLE_OBJC_WEAK = YES;
				CLANG_WARN_BLOCK_CAPTURE_AUTORELEASING = YES;
				CLANG_WARN_BOOL_CONVERSION = YES;
				CLANG_WARN_COMMA = YES;
				CLANG_WARN_CONSTANT_CONVERSION = YES;
				CLANG_WARN_DEPRECATED_OBJC_IMPLEMENTATIONS = YES;
				CLANG_WARN_DIRECT_OBJC_ISA_USAGE = YES_ERROR;
				CLANG_WARN_DOCUMENTATION_COMMENTS = YES;
				CLANG_WARN_EMPTY_BODY = YES;
				CLANG_WARN_ENUM_CONVERSION = YES;
				CLANG_WARN_INFINITE_RECURSION = YES;
				CLANG_WARN_INT_CONVERSION = YES;
				CLANG_WARN_NON_LITERAL_NULL_CONVERSION = YES;
				CLANG_WARN_OBJC_IMPLICIT_RETAIN_SELF = YES;
				CLANG_WARN_OBJC_LITERAL_CONVERSION = YES;
				CLANG_WARN_OBJC_ROOT_CLASS = YES_ERROR;
				CLANG_WARN_QUOTED_INCLUDE_IN_FRAMEWORK_HEADER = YES;
				CLANG_WARN_RANGE_LOOP_ANALYSIS = YES;
				CLANG_WARN_STRICT_PROTOTYPES = YES;
				CLANG_WARN_SUSPICIOUS_MOVE = YES;
				CLANG_WARN_UNGUARDED_AVAILABILITY = YES_AGGRESSIVE;
				CLANG_WARN_UNREACHABLE_CODE = YES;
				CLANG_WARN__DUPLICATE_METHOD_MATCH = YES;
				COPY_PHASE_STRIP = NO;
				DEBUG_INFORMATION_FORMAT = dwarf;
				ENABLE_STRICT_OBJC_MSGSEND = YES;
				ENABLE_TESTABILITY = YES;
				GCC_C_LANGUAGE_STANDARD = gnu11;
				GCC_DYNAMIC_NO_PIC = NO;
				GCC_NO_COMMON_BLOCKS = YES;
				GCC_OPTIMIZATION_LEVEL = 0;
				GCC_PREPROCESSOR_DEFINITIONS = (
					"DEBUG=1",
					"$(inherited)",
				);
				GCC_WARN_64_TO_32_BIT_CONVERSION = YES;
				GCC_WARN_ABOUT_RETURN_TYPE = YES_ERROR;
				GCC_WARN_UNDECLARED_SELECTOR = YES;
				GCC_WARN_UNINITIALIZED_AUTOS = YES_AGGRESSIVE;
				GCC_WARN_UNUSED_FUNCTION = YES;
				GCC_WARN_UNUSED_VARIABLE = YES;
				IPHONEOS_DEPLOYMENT_TARGET = 14.5;
				MTL_ENABLE_DEBUG_INFO = INCLUDE_SOURCE;
				MTL_FAST_MATH = YES;
				ONLY_ACTIVE_ARCH = YES;
				SDKROOT = iphoneos;
				SWIFT_ACTIVE_COMPILATION_CONDITIONS = DEBUG;
				SWIFT_OPTIMIZATION_LEVEL = "-Onone";
			};
			name = Debug;
		};
		585C2E3726E1F849008A5C3A /* Release */ = {
			isa = XCBuildConfiguration;
			buildSettings = {
				ALWAYS_SEARCH_USER_PATHS = NO;
				CLANG_ANALYZER_NONNULL = YES;
				CLANG_ANALYZER_NUMBER_OBJECT_CONVERSION = YES_AGGRESSIVE;
				CLANG_CXX_LANGUAGE_STANDARD = "gnu++14";
				CLANG_CXX_LIBRARY = "libc++";
				CLANG_ENABLE_MODULES = YES;
				CLANG_ENABLE_OBJC_ARC = YES;
				CLANG_ENABLE_OBJC_WEAK = YES;
				CLANG_WARN_BLOCK_CAPTURE_AUTORELEASING = YES;
				CLANG_WARN_BOOL_CONVERSION = YES;
				CLANG_WARN_COMMA = YES;
				CLANG_WARN_CONSTANT_CONVERSION = YES;
				CLANG_WARN_DEPRECATED_OBJC_IMPLEMENTATIONS = YES;
				CLANG_WARN_DIRECT_OBJC_ISA_USAGE = YES_ERROR;
				CLANG_WARN_DOCUMENTATION_COMMENTS = YES;
				CLANG_WARN_EMPTY_BODY = YES;
				CLANG_WARN_ENUM_CONVERSION = YES;
				CLANG_WARN_INFINITE_RECURSION = YES;
				CLANG_WARN_INT_CONVERSION = YES;
				CLANG_WARN_NON_LITERAL_NULL_CONVERSION = YES;
				CLANG_WARN_OBJC_IMPLICIT_RETAIN_SELF = YES;
				CLANG_WARN_OBJC_LITERAL_CONVERSION = YES;
				CLANG_WARN_OBJC_ROOT_CLASS = YES_ERROR;
				CLANG_WARN_QUOTED_INCLUDE_IN_FRAMEWORK_HEADER = YES;
				CLANG_WARN_RANGE_LOOP_ANALYSIS = YES;
				CLANG_WARN_STRICT_PROTOTYPES = YES;
				CLANG_WARN_SUSPICIOUS_MOVE = YES;
				CLANG_WARN_UNGUARDED_AVAILABILITY = YES_AGGRESSIVE;
				CLANG_WARN_UNREACHABLE_CODE = YES;
				CLANG_WARN__DUPLICATE_METHOD_MATCH = YES;
				COPY_PHASE_STRIP = NO;
				DEBUG_INFORMATION_FORMAT = "dwarf-with-dsym";
				ENABLE_NS_ASSERTIONS = NO;
				ENABLE_STRICT_OBJC_MSGSEND = YES;
				GCC_C_LANGUAGE_STANDARD = gnu11;
				GCC_NO_COMMON_BLOCKS = YES;
				GCC_WARN_64_TO_32_BIT_CONVERSION = YES;
				GCC_WARN_ABOUT_RETURN_TYPE = YES_ERROR;
				GCC_WARN_UNDECLARED_SELECTOR = YES;
				GCC_WARN_UNINITIALIZED_AUTOS = YES_AGGRESSIVE;
				GCC_WARN_UNUSED_FUNCTION = YES;
				GCC_WARN_UNUSED_VARIABLE = YES;
				IPHONEOS_DEPLOYMENT_TARGET = 14.5;
				MTL_ENABLE_DEBUG_INFO = NO;
				MTL_FAST_MATH = YES;
				SDKROOT = iphoneos;
				SWIFT_COMPILATION_MODE = wholemodule;
				SWIFT_OPTIMIZATION_LEVEL = "-O";
				VALIDATE_PRODUCT = YES;
			};
			name = Release;
		};
		585C2E3926E1F849008A5C3A /* Debug */ = {
			isa = XCBuildConfiguration;
			buildSettings = {
				ASSETCATALOG_COMPILER_APPICON_NAME = AppIcon;
				ASSETCATALOG_COMPILER_GLOBAL_ACCENT_COLOR_NAME = AccentColor;
				CODE_SIGN_STYLE = Automatic;
				DEVELOPMENT_TEAM = VVYLR2QGK9;
				INFOPLIST_FILE = TableCellAnimation/Info.plist;
				LD_RUNPATH_SEARCH_PATHS = (
					"$(inherited)",
					"@executable_path/Frameworks",
				);
				PRODUCT_BUNDLE_IDENTIFIER = com.seamusapple.TableCellAnimation;
				PRODUCT_NAME = "$(TARGET_NAME)";
				SWIFT_VERSION = 5.0;
				TARGETED_DEVICE_FAMILY = "1,2";
			};
			name = Debug;
		};
		585C2E3A26E1F849008A5C3A /* Release */ = {
			isa = XCBuildConfiguration;
			buildSettings = {
				ASSETCATALOG_COMPILER_APPICON_NAME = AppIcon;
				ASSETCATALOG_COMPILER_GLOBAL_ACCENT_COLOR_NAME = AccentColor;
				CODE_SIGN_STYLE = Automatic;
				DEVELOPMENT_TEAM = VVYLR2QGK9;
				INFOPLIST_FILE = TableCellAnimation/Info.plist;
				LD_RUNPATH_SEARCH_PATHS = (
					"$(inherited)",
					"@executable_path/Frameworks",
				);
				PRODUCT_BUNDLE_IDENTIFIER = com.seamusapple.TableCellAnimation;
				PRODUCT_NAME = "$(TARGET_NAME)";
				SWIFT_VERSION = 5.0;
				TARGETED_DEVICE_FAMILY = "1,2";
			};
			name = Release;
		};
/* End XCBuildConfiguration section */

/* Begin XCConfigurationList section */
		585C2E1F26E1F845008A5C3A /* Build configuration list for PBXProject "TableCellAnimation" */ = {
			isa = XCConfigurationList;
			buildConfigurations = (
				585C2E3626E1F849008A5C3A /* Debug */,
				585C2E3726E1F849008A5C3A /* Release */,
			);
			defaultConfigurationIsVisible = 0;
			defaultConfigurationName = Release;
		};
		585C2E3826E1F849008A5C3A /* Build configuration list for PBXNativeTarget "TableCellAnimation" */ = {
			isa = XCConfigurationList;
			buildConfigurations = (
				585C2E3926E1F849008A5C3A /* Debug */,
				585C2E3A26E1F849008A5C3A /* Release */,
			);
			defaultConfigurationIsVisible = 0;
			defaultConfigurationName = Release;
		};
/* End XCConfigurationList section */
	};
	rootObject = 585C2E1C26E1F845008A5C3A /* Project object */;
}
